<?xml version="1.0" encoding="UTF-8" standalone="yes" ?>
<CodeBlocks_project_file>
	<FileVersion major="1" minor="6" />
	<Project>
		<Option title="GisCup" />
		<Option pch_mode="2" />
		<Option compiler="gcc" />
		<Build>
			<Target title="Debug">
				<Option output="bin/Debug/GisCup" prefix_auto="1" extension_auto="1" />
				<Option object_output="obj/Debug/" />
				<Option type="1" />
				<Option compiler="gcc" />
				<Compiler>
					<Add option="-g" />
				</Compiler>
			</Target>
			<Target title="Release">
				<Option output="bin/Release/GisCup" prefix_auto="1" extension_auto="1" />
				<Option object_output="obj/Release/" />
				<Option type="1" />
				<Option compiler="gcc" />
				<Compiler>
					<Add option="-O2" />
				</Compiler>
				<Linker>
					<Add option="-s" />
				</Linker>
			</Target>
		</Build>
		<Compiler>
			<Add option="-Wall" />
			<Add option="-fexceptions" />
		</Compiler>
		<Unit filename="GC.h" />
		<Unit filename="GCDataUtils.cpp" />
		<Unit filename="GCDataUtils.h" />
		<Unit filename="GCEdge.cpp" />
		<Unit filename="GCEdge.h" />
		<Unit filename="GCPoint.cpp" />
		<Unit filename="GCPoint.h" />
		<Unit filename="GCPointsTrack.cpp" />
		<Unit filename="GCPointsTrack.h" />
		<Unit filename="GCRoadNetwork.cpp" />
		<Unit filename="GCRoadNetwork.h" />
		<Unit filename="Untitled1" />
		<Unit filename="main.cpp" />
		<Extensions>
			<code_completion />
			<debugger />
		</Extensions>
	</Project>
</CodeBlocks_project_file>
